<?xml version="1.0" encoding="UTF-8"?>
<CodeBlocks_project_file>
	<FileVersion major="1" minor="6"/>
	<Project>
		<Option title="Simulation"/>
		<Option makefile_is_custom="1"/>
		<Option compiler="gcc"/>
		<Option virtualFolders="CMake Files\;CMake Files\..\;CMake Files\..\..\;CMake Files\..\..\..\;CMake Files\..\..\..\..\;CMake Files\..\..\..\..\usr\;CMake Files\..\..\..\..\usr\lib\;CMake Files\..\..\..\..\usr\lib\x86_64-linux-gnu\;CMake Files\..\..\..\..\usr\lib\x86_64-linux-gnu\cmake\;CMake Files\..\..\..\..\usr\lib\x86_64-linux-gnu\cmake\SDL2\;"/>
		<Build>
			<Target title="all">
				<Option working_dir="/home/cjshore12/CLionProjects/Simulation"/>
				<Option type="4"/>
				<MakeCommands>
					<Build command="/usr/bin/make -j4 -f &quot;/home/cjshore12/CLionProjects/Simulation/Makefile&quot;  VERBOSE=1 all"/>
					<CompileFile command="/usr/bin/make -j4 -f &quot;/home/cjshore12/CLionProjects/Simulation/Makefile&quot;  VERBOSE=1 &quot;$file&quot;"/>
					<Clean command="/usr/bin/make -j4 -f &quot;/home/cjshore12/CLionProjects/Simulation/Makefile&quot;  VERBOSE=1 clean"/>
					<DistClean command="/usr/bin/make -j4 -f &quot;/home/cjshore12/CLionProjects/Simulation/Makefile&quot;  VERBOSE=1 clean"/>
				</MakeCommands>
			</Target>
			<Target title="rebuild_cache">
				<Option working_dir="/home/cjshore12/CLionProjects/Simulation"/>
				<Option type="4"/>
				<MakeCommands>
					<Build command="/usr/bin/make -j4 -f &quot;/home/cjshore12/CLionProjects/Simulation/Makefile&quot;  VERBOSE=1 rebuild_cache"/>
					<CompileFile command="/usr/bin/make -j4 -f &quot;/home/cjshore12/CLionProjects/Simulation/Makefile&quot;  VERBOSE=1 &quot;$file&quot;"/>
					<Clean command="/usr/bin/make -j4 -f &quot;/home/cjshore12/CLionProjects/Simulation/Makefile&quot;  VERBOSE=1 clean"/>
					<DistClean command="/usr/bin/make -j4 -f &quot;/home/cjshore12/CLionProjects/Simulation/Makefile&quot;  VERBOSE=1 clean"/>
				</MakeCommands>
			</Target>
			<Target title="edit_cache">
				<Option working_dir="/home/cjshore12/CLionProjects/Simulation"/>
				<Option type="4"/>
				<MakeCommands>
					<Build command="/usr/bin/make -j4 -f &quot;/home/cjshore12/CLionProjects/Simulation/Makefile&quot;  VERBOSE=1 edit_cache"/>
					<CompileFile command="/usr/bin/make -j4 -f &quot;/home/cjshore12/CLionProjects/Simulation/Makefile&quot;  VERBOSE=1 &quot;$file&quot;"/>
					<Clean command="/usr/bin/make -j4 -f &quot;/home/cjshore12/CLionProjects/Simulation/Makefile&quot;  VERBOSE=1 clean"/>
					<DistClean command="/usr/bin/make -j4 -f &quot;/home/cjshore12/CLionProjects/Simulation/Makefile&quot;  VERBOSE=1 clean"/>
				</MakeCommands>
			</Target>
			<Target title="Simulation">
				<Option output="/home/cjshore12/CLionProjects/Simulation/Simulation" prefix_auto="0" extension_auto="0"/>
				<Option working_dir="/home/cjshore12/CLionProjects/Simulation"/>
				<Option object_output="./"/>
				<Option type="1"/>
				<Option compiler="gcc"/>
				<Compiler>
					<Add directory="/usr/include/SDL2"/>
					<Add directory="/usr/include/c++/7"/>
					<Add directory="/usr/include/x86_64-linux-gnu/c++/7"/>
					<Add directory="/usr/include/c++/7/backward"/>
					<Add directory="/usr/lib/gcc/x86_64-linux-gnu/7/include"/>
					<Add directory="/usr/local/include"/>
					<Add directory="/usr/lib/gcc/x86_64-linux-gnu/7/include-fixed"/>
					<Add directory="/usr/include/x86_64-linux-gnu"/>
					<Add directory="/usr/include"/>
				</Compiler>
				<MakeCommands>
					<Build command="/usr/bin/make -j4 -f &quot;/home/cjshore12/CLionProjects/Simulation/Makefile&quot;  VERBOSE=1 Simulation"/>
					<CompileFile command="/usr/bin/make -j4 -f &quot;/home/cjshore12/CLionProjects/Simulation/Makefile&quot;  VERBOSE=1 &quot;$file&quot;"/>
					<Clean command="/usr/bin/make -j4 -f &quot;/home/cjshore12/CLionProjects/Simulation/Makefile&quot;  VERBOSE=1 clean"/>
					<DistClean command="/usr/bin/make -j4 -f &quot;/home/cjshore12/CLionProjects/Simulation/Makefile&quot;  VERBOSE=1 clean"/>
				</MakeCommands>
			</Target>
			<Target title="Simulation/fast">
				<Option output="/home/cjshore12/CLionProjects/Simulation/Simulation" prefix_auto="0" extension_auto="0"/>
				<Option working_dir="/home/cjshore12/CLionProjects/Simulation"/>
				<Option object_output="./"/>
				<Option type="1"/>
				<Option compiler="gcc"/>
				<Compiler>
					<Add directory="/usr/include/SDL2"/>
					<Add directory="/usr/include/c++/7"/>
					<Add directory="/usr/include/x86_64-linux-gnu/c++/7"/>
					<Add directory="/usr/include/c++/7/backward"/>
					<Add directory="/usr/lib/gcc/x86_64-linux-gnu/7/include"/>
					<Add directory="/usr/local/include"/>
					<Add directory="/usr/lib/gcc/x86_64-linux-gnu/7/include-fixed"/>
					<Add directory="/usr/include/x86_64-linux-gnu"/>
					<Add directory="/usr/include"/>
				</Compiler>
				<MakeCommands>
					<Build command="/usr/bin/make -j4 -f &quot;/home/cjshore12/CLionProjects/Simulation/Makefile&quot;  VERBOSE=1 Simulation/fast"/>
					<CompileFile command="/usr/bin/make -j4 -f &quot;/home/cjshore12/CLionProjects/Simulation/Makefile&quot;  VERBOSE=1 &quot;$file&quot;"/>
					<Clean command="/usr/bin/make -j4 -f &quot;/home/cjshore12/CLionProjects/Simulation/Makefile&quot;  VERBOSE=1 clean"/>
					<DistClean command="/usr/bin/make -j4 -f &quot;/home/cjshore12/CLionProjects/Simulation/Makefile&quot;  VERBOSE=1 clean"/>
				</MakeCommands>
			</Target>
		</Build>
		<Unit filename="/home/cjshore12/CLionProjects/Simulation/src/GLSLProgram.cpp">
			<Option target="Simulation"/>
		</Unit>
		<Unit filename="/home/cjshore12/CLionProjects/Simulation/src/GLSLProgram.h">
			<Option target="Simulation"/>
		</Unit>
		<Unit filename="/home/cjshore12/CLionProjects/Simulation/src/MainSimulation.cpp">
			<Option target="Simulation"/>
		</Unit>
		<Unit filename="/home/cjshore12/CLionProjects/Simulation/src/MainSimulation.h">
			<Option target="Simulation"/>
		</Unit>
		<Unit filename="/home/cjshore12/CLionProjects/Simulation/src/Sprite.cpp">
			<Option target="Simulation"/>
		</Unit>
		<Unit filename="/home/cjshore12/CLionProjects/Simulation/src/Sprite.h">
			<Option target="Simulation"/>
		</Unit>
		<Unit filename="/home/cjshore12/CLionProjects/Simulation/src/main.cpp">
			<Option target="Simulation"/>
		</Unit>
		<Unit filename="/home/cjshore12/CLionProjects/Simulation/CMakeLists.txt">
			<Option virtualFolder="CMake Files\"/>
		</Unit>
		<Unit filename="/home/cjshore12/CLionProjects/Simulation/../../../../usr/lib/x86_64-linux-gnu/cmake/SDL2/sdl2-config.cmake">
			<Option virtualFolder="CMake Files\..\..\..\..\usr\lib\x86_64-linux-gnu\cmake\SDL2\"/>
		</Unit>
	</Project>
</CodeBlocks_project_file>
